
Microsoft Visual Studio Solution File, Format Version 12.00
Project("{FAE04EC0-301F-11D3-BF4B-00C04F79EFBC}") = "DemoApp.Api", "DemoApp.Api\DemoApp.Api.csproj", "{0F917E0F-D681-4FDD-A471-647313ADB899}"
EndProject
Project("{FAE04EC0-301F-11D3-BF4B-00C04F79EFBC}") = "DemoApp.Tests", "DemoApp.Tests\DemoApp.Tests.csproj", "{313EACC9-238B-411A-AF52-814C6DAB5BFA}"
EndProject
Global
	GlobalSection(SolutionConfigurationPlatforms) = preSolution
		Debug|Any CPU = Debug|Any CPU
		Release|Any CPU = Release|Any CPU
	EndGlobalSection
	GlobalSection(ProjectConfigurationPlatforms) = postSolution
		{0F917E0F-D681-4FDD-A471-647313ADB899}.Debug|Any CPU.ActiveCfg = Debug|Any CPU
		{0F917E0F-D681-4FDD-A471-647313ADB899}.Debug|Any CPU.Build.0 = Debug|Any CPU
		{0F917E0F-D681-4FDD-A471-647313ADB899}.Release|Any CPU.ActiveCfg = Release|Any CPU
		{0F917E0F-D681-4FDD-A471-647313ADB899}.Release|Any CPU.Build.0 = Release|Any CPU
		{313EACC9-238B-411A-AF52-814C6DAB5BFA}.Debug|Any CPU.ActiveCfg = Debug|Any CPU
		{313EACC9-238B-411A-AF52-814C6DAB5BFA}.Debug|Any CPU.Build.0 = Debug|Any CPU
		{313EACC9-238B-411A-AF52-814C6DAB5BFA}.Release|Any CPU.ActiveCfg = Release|Any CPU
		{313EACC9-238B-411A-AF52-814C6DAB5BFA}.Release|Any CPU.Build.0 = Release|Any CPU
	EndGlobalSection
EndGlobal
